
Microsoft Visual Studio Solution File, Format Version 12.00
# Visual Studio Version 16
VisualStudioVersion = 16.0.31229.75
MinimumVisualStudioVersion = 10.0.40219.1
Project("{9A19103F-16F7-4668-BE54-9A1E7A4F7556}") = "Otus.Teaching.Linq.ATM.Console", "Otus.Teaching.Linq.ATM.Console\Otus.Teaching.Linq.ATM.Console.csproj", "{6A48BF8D-889C-4761-A6C7-6F97A8224B59}"
EndProject
Project("{9A19103F-16F7-4668-BE54-9A1E7A4F7556}") = "Otus.Teaching.Linq.ATM.Core", "Otus.Teaching.Linq.ATM.Core\Otus.Teaching.Linq.ATM.Core.csproj", "{B6F86072-A75F-4A15-AF97-95DE6B411D5F}"
EndProject
Project("{9A19103F-16F7-4668-BE54-9A1E7A4F7556}") = "Otus.Teaching.Linq.ATM.DataAccess", "Otus.Teaching.Linq.ATM.DataAccess\Otus.Teaching.Linq.ATM.DataAccess.csproj", "{A2B2B107-4CB3-449E-A82D-3F4E268ABA7A}"
EndProject
Project("{FAE04EC0-301F-11D3-BF4B-00C04F79EFBC}") = "Otus.ATM.UnitTests", "Otus.ATM.UnitTests\Otus.ATM.UnitTests.csproj", "{617F2FA6-6208-4974-B708-E9604A0AE30F}"
EndProject
Global
	GlobalSection(SolutionConfigurationPlatforms) = preSolution
		Debug|Any CPU = Debug|Any CPU
		Release|Any CPU = Release|Any CPU
	EndGlobalSection
	GlobalSection(ProjectConfigurationPlatforms) = postSolution
		{6A48BF8D-889C-4761-A6C7-6F97A8224B59}.Debug|Any CPU.ActiveCfg = Debug|Any CPU
		{6A48BF8D-889C-4761-A6C7-6F97A8224B59}.Debug|Any CPU.Build.0 = Debug|Any CPU
		{6A48BF8D-889C-4761-A6C7-6F97A8224B59}.Release|Any CPU.ActiveCfg = Release|Any CPU
		{6A48BF8D-889C-4761-A6C7-6F97A8224B59}.Release|Any CPU.Build.0 = Release|Any CPU
		{B6F86072-A75F-4A15-AF97-95DE6B411D5F}.Debug|Any CPU.ActiveCfg = Debug|Any CPU
		{B6F86072-A75F-4A15-AF97-95DE6B411D5F}.Debug|Any CPU.Build.0 = Debug|Any CPU
		{B6F86072-A75F-4A15-AF97-95DE6B411D5F}.Release|Any CPU.ActiveCfg = Release|Any CPU
		{B6F86072-A75F-4A15-AF97-95DE6B411D5F}.Release|Any CPU.Build.0 = Release|Any CPU
		{A2B2B107-4CB3-449E-A82D-3F4E268ABA7A}.Debug|Any CPU.ActiveCfg = Debug|Any CPU
		{A2B2B107-4CB3-449E-A82D-3F4E268ABA7A}.Debug|Any CPU.Build.0 = Debug|Any CPU
		{A2B2B107-4CB3-449E-A82D-3F4E268ABA7A}.Release|Any CPU.ActiveCfg = Release|Any CPU
		{A2B2B107-4CB3-449E-A82D-3F4E268ABA7A}.Release|Any CPU.Build.0 = Release|Any CPU
		{617F2FA6-6208-4974-B708-E9604A0AE30F}.Debug|Any CPU.ActiveCfg = Debug|Any CPU
		{617F2FA6-6208-4974-B708-E9604A0AE30F}.Debug|Any CPU.Build.0 = Debug|Any CPU
		{617F2FA6-6208-4974-B708-E9604A0AE30F}.Release|Any CPU.ActiveCfg = Release|Any CPU
		{617F2FA6-6208-4974-B708-E9604A0AE30F}.Release|Any CPU.Build.0 = Release|Any CPU
	EndGlobalSection
	GlobalSection(SolutionProperties) = preSolution
		HideSolutionNode = FALSE
	EndGlobalSection
	GlobalSection(ExtensibilityGlobals) = postSolution
		SolutionGuid = {D6DD19DB-723D-418D-845C-730F1B2E42A5}
	EndGlobalSection
EndGlobal
